
Microsoft Visual Studio Solution File, Format Version 12.00
# Visual Studio 15
VisualStudioVersion = 15.0.26124.0
MinimumVisualStudioVersion = 15.0.26124.0
Project("{2150E333-8FDC-42A3-9474-1A3956D46DE8}") = "src", "src", "{787F795E-099C-44DE-8869-2805DCE2BC49}"
EndProject
Project("{FAE04EC0-301F-11D3-BF4B-00C04F79EFBC}") = "GitSharp.Cli", "src\GitSharp.Cli\GitSharp.Cli.csproj", "{49231B22-4C06-41C2-AAFA-05D5908F03FA}"
EndProject
Project("{2150E333-8FDC-42A3-9474-1A3956D46DE8}") = "test", "test", "{8520846A-1C2D-472C-B9A6-A2ECD158A96D}"
EndProject
Project("{FAE04EC0-301F-11D3-BF4B-00C04F79EFBC}") = "GitSharp.Core.UnitTests", "test\GitSharp.Core.UnitTests\GitSharp.Core.UnitTests.csproj", "{BACA0D1F-6B50-4587-B205-47620EA19F79}"
EndProject
Project("{FAE04EC0-301F-11D3-BF4B-00C04F79EFBC}") = "GitSharp.Core", "src\GitSharp.Core\GitSharp.Core.csproj", "{303A589C-4E28-44AA-9A6D-173811AE33E1}"
EndProject
Global
	GlobalSection(SolutionConfigurationPlatforms) = preSolution
		Debug|Any CPU = Debug|Any CPU
		Debug|x64 = Debug|x64
		Debug|x86 = Debug|x86
		Release|Any CPU = Release|Any CPU
		Release|x64 = Release|x64
		Release|x86 = Release|x86
	EndGlobalSection
	GlobalSection(SolutionProperties) = preSolution
		HideSolutionNode = FALSE
	EndGlobalSection
	GlobalSection(ProjectConfigurationPlatforms) = postSolution
		{49231B22-4C06-41C2-AAFA-05D5908F03FA}.Debug|Any CPU.ActiveCfg = Debug|Any CPU
		{49231B22-4C06-41C2-AAFA-05D5908F03FA}.Debug|Any CPU.Build.0 = Debug|Any CPU
		{49231B22-4C06-41C2-AAFA-05D5908F03FA}.Debug|x64.ActiveCfg = Debug|Any CPU
		{49231B22-4C06-41C2-AAFA-05D5908F03FA}.Debug|x64.Build.0 = Debug|Any CPU
		{49231B22-4C06-41C2-AAFA-05D5908F03FA}.Debug|x86.ActiveCfg = Debug|Any CPU
		{49231B22-4C06-41C2-AAFA-05D5908F03FA}.Debug|x86.Build.0 = Debug|Any CPU
		{49231B22-4C06-41C2-AAFA-05D5908F03FA}.Release|Any CPU.ActiveCfg = Release|Any CPU
		{49231B22-4C06-41C2-AAFA-05D5908F03FA}.Release|Any CPU.Build.0 = Release|Any CPU
		{49231B22-4C06-41C2-AAFA-05D5908F03FA}.Release|x64.ActiveCfg = Release|Any CPU
		{49231B22-4C06-41C2-AAFA-05D5908F03FA}.Release|x64.Build.0 = Release|Any CPU
		{49231B22-4C06-41C2-AAFA-05D5908F03FA}.Release|x86.ActiveCfg = Release|Any CPU
		{49231B22-4C06-41C2-AAFA-05D5908F03FA}.Release|x86.Build.0 = Release|Any CPU
		{BACA0D1F-6B50-4587-B205-47620EA19F79}.Debug|Any CPU.ActiveCfg = Debug|Any CPU
		{BACA0D1F-6B50-4587-B205-47620EA19F79}.Debug|Any CPU.Build.0 = Debug|Any CPU
		{BACA0D1F-6B50-4587-B205-47620EA19F79}.Debug|x64.ActiveCfg = Debug|Any CPU
		{BACA0D1F-6B50-4587-B205-47620EA19F79}.Debug|x64.Build.0 = Debug|Any CPU
		{BACA0D1F-6B50-4587-B205-47620EA19F79}.Debug|x86.ActiveCfg = Debug|Any CPU
		{BACA0D1F-6B50-4587-B205-47620EA19F79}.Debug|x86.Build.0 = Debug|Any CPU
		{BACA0D1F-6B50-4587-B205-47620EA19F79}.Release|Any CPU.ActiveCfg = Release|Any CPU
		{BACA0D1F-6B50-4587-B205-47620EA19F79}.Release|Any CPU.Build.0 = Release|Any CPU
		{BACA0D1F-6B50-4587-B205-47620EA19F79}.Release|x64.ActiveCfg = Release|Any CPU
		{BACA0D1F-6B50-4587-B205-47620EA19F79}.Release|x64.Build.0 = Release|Any CPU
		{BACA0D1F-6B50-4587-B205-47620EA19F79}.Release|x86.ActiveCfg = Release|Any CPU
		{BACA0D1F-6B50-4587-B205-47620EA19F79}.Release|x86.Build.0 = Release|Any CPU
		{303A589C-4E28-44AA-9A6D-173811AE33E1}.Debug|Any CPU.ActiveCfg = Debug|Any CPU
		{303A589C-4E28-44AA-9A6D-173811AE33E1}.Debug|Any CPU.Build.0 = Debug|Any CPU
		{303A589C-4E28-44AA-9A6D-173811AE33E1}.Debug|x64.ActiveCfg = Debug|Any CPU
		{303A589C-4E28-44AA-9A6D-173811AE33E1}.Debug|x64.Build.0 = Debug|Any CPU
		{303A589C-4E28-44AA-9A6D-173811AE33E1}.Debug|x86.ActiveCfg = Debug|Any CPU
		{303A589C-4E28-44AA-9A6D-173811AE33E1}.Debug|x86.Build.0 = Debug|Any CPU
		{303A589C-4E28-44AA-9A6D-173811AE33E1}.Release|Any CPU.ActiveCfg = Release|Any CPU
		{303A589C-4E28-44AA-9A6D-173811AE33E1}.Release|Any CPU.Build.0 = Release|Any CPU
		{303A589C-4E28-44AA-9A6D-173811AE33E1}.Release|x64.ActiveCfg = Release|Any CPU
		{303A589C-4E28-44AA-9A6D-173811AE33E1}.Release|x64.Build.0 = Release|Any CPU
		{303A589C-4E28-44AA-9A6D-173811AE33E1}.Release|x86.ActiveCfg = Release|Any CPU
		{303A589C-4E28-44AA-9A6D-173811AE33E1}.Release|x86.Build.0 = Release|Any CPU
	EndGlobalSection
	GlobalSection(NestedProjects) = preSolution
		{49231B22-4C06-41C2-AAFA-05D5908F03FA} = {787F795E-099C-44DE-8869-2805DCE2BC49}
		{BACA0D1F-6B50-4587-B205-47620EA19F79} = {8520846A-1C2D-472C-B9A6-A2ECD158A96D}
		{303A589C-4E28-44AA-9A6D-173811AE33E1} = {787F795E-099C-44DE-8869-2805DCE2BC49}
	EndGlobalSection
EndGlobal
